// !$*UTF8*$!
{
	archiveVersion = 1;
	classes = {
	};
	objectVersion = 50;
	objects = {

/* Begin PBXBuildFile section */
		F6175BA022B0CD4000C473E8 /* AppDelegate.swift in Sources */ = {isa = PBXBuildFile; fileRef = F6175B9F22B0CD4000C473E8 /* AppDelegate.swift */; };
		F6175BA222B0CD4000C473E8 /* ViewController.swift in Sources */ = {isa = PBXBuildFile; fileRef = F6175BA122B0CD4000C473E8 /* ViewController.swift */; };
		F6175BA522B0CD4000C473E8 /* Main.storyboard in Resources */ = {isa = PBXBuildFile; fileRef = F6175BA322B0CD4000C473E8 /* Main.storyboard */; };
		F6175BA722B0CD4100C473E8 /* Assets.xcassets in Resources */ = {isa = PBXBuildFile; fileRef = F6175BA622B0CD4100C473E8 /* Assets.xcassets */; };
		F6175BAA22B0CD4100C473E8 /* LaunchScreen.storyboard in Resources */ = {isa = PBXBuildFile; fileRef = F6175BA822B0CD4100C473E8 /* LaunchScreen.storyboard */; };
		F682F37D22B8CCD200962645 /* Default-568h@2x.png in Resources */ = {isa = PBXBuildFile; fileRef = F682F37C22B8CCD200962645 /* Default-568h@2x.png */; };
		F68C79F222B1A3F700AA8782 /* ConvertController.swift in Sources */ = {isa = PBXBuildFile; fileRef = F68C79F122B1A3F700AA8782 /* ConvertController.swift */; };
/* End PBXBuildFile section */

/* Begin PBXFileReference section */
		F6175B9C22B0CD4000C473E8 /* converter.app */ = {isa = PBXFileReference; explicitFileType = wrapper.application; includeInIndex = 0; path = converter.app; sourceTree = BUILT_PRODUCTS_DIR; };
		F6175B9F22B0CD4000C473E8 /* AppDelegate.swift */ = {isa = PBXFileReference; lastKnownFileType = sourcecode.swift; path = AppDelegate.swift; sourceTree = "<group>"; };
		F6175BA122B0CD4000C473E8 /* ViewController.swift */ = {isa = PBXFileReference; lastKnownFileType = sourcecode.swift; path = ViewController.swift; sourceTree = "<group>"; };
		F6175BA422B0CD4000C473E8 /* Base */ = {isa = PBXFileReference; lastKnownFileType = file.storyboard; name = Base; path = Base.lproj/Main.storyboard; sourceTree = "<group>"; };
		F6175BA622B0CD4100C473E8 /* Assets.xcassets */ = {isa = PBXFileReference; lastKnownFileType = folder.assetcatalog; path = Assets.xcassets; sourceTree = "<group>"; };
		F6175BA922B0CD4100C473E8 /* Base */ = {isa = PBXFileReference; lastKnownFileType = file.storyboard; name = Base; path = Base.lproj/LaunchScreen.storyboard; sourceTree = "<group>"; };
		F6175BAB22B0CD4100C473E8 /* Info.plist */ = {isa = PBXFileReference; lastKnownFileType = text.plist.xml; path = Info.plist; sourceTree = "<group>"; };
		F682F37C22B8CCD200962645 /* Default-568h@2x.png */ = {isa = PBXFileReference; lastKnownFileType = image.png; path = "Default-568h@2x.png"; sourceTree = "<group>"; };
		F68C79F122B1A3F700AA8782 /* ConvertController.swift */ = {isa = PBXFileReference; lastKnownFileType = sourcecode.swift; path = ConvertController.swift; sourceTree = "<group>"; };
/* End PBXFileReference section */

/* Begin PBXFrameworksBuildPhase section */
		F6175B9922B0CD3F00C473E8 /* Frameworks */ = {
			isa = PBXFrameworksBuildPhase;
			buildActionMask = 2147483647;
			files = (
			);
			runOnlyForDeploymentPostprocessing = 0;
		};
/* End PBXFrameworksBuildPhase section */

/* Begin PBXGroup section */
		F6175B9322B0CD3F00C473E8 = {
			isa = PBXGroup;
			children = (
				F682F37C22B8CCD200962645 /* Default-568h@2x.png */,
				F6175B9E22B0CD4000C473E8 /* converter */,
				F6175B9D22B0CD4000C473E8 /* Products */,
			);
			sourceTree = "<group>";
		};
		F6175B9D22B0CD4000C473E8 /* Products */ = {
			isa = PBXGroup;
			children = (
				F6175B9C22B0CD4000C473E8 /* converter.app */,
			);
			name = Products;
			sourceTree = "<group>";
		};
		F6175B9E22B0CD4000C473E8 /* converter */ = {
			isa = PBXGroup;
			children = (
				F6175B9F22B0CD4000C473E8 /* AppDelegate.swift */,
				F6175BA122B0CD4000C473E8 /* ViewController.swift */,
				F6175BA322B0CD4000C473E8 /* Main.storyboard */,
				F68C79F122B1A3F700AA8782 /* ConvertController.swift */,
				F6175BA622B0CD4100C473E8 /* Assets.xcassets */,
				F6175BA822B0CD4100C473E8 /* LaunchScreen.storyboard */,
				F6175BAB22B0CD4100C473E8 /* Info.plist */,
			);
			path = converter;
			sourceTree = "<group>";
		};
/* End PBXGroup section */

/* Begin PBXNativeTarget section */
		F6175B9B22B0CD3F00C473E8 /* converter */ = {
			isa = PBXNativeTarget;
			buildConfigurationList = F6175BAE22B0CD4100C473E8 /* Build configuration list for PBXNativeTarget "converter" */;
			buildPhases = (
				F6175B9822B0CD3F00C473E8 /* Sources */,
				F6175B9922B0CD3F00C473E8 /* Frameworks */,
				F6175B9A22B0CD3F00C473E8 /* Resources */,
			);
			buildRules = (
			);
			dependencies = (
			);
			name = converter;
			productName = convertisseur;
			productReference = F6175B9C22B0CD4000C473E8 /* converter.app */;
			productType = "com.apple.product-type.application";
		};
/* End PBXNativeTarget section */

/* Begin PBXProject section */
		F6175B9422B0CD3F00C473E8 /* Project object */ = {
			isa = PBXProject;
			attributes = {
				LastSwiftUpdateCheck = 1020;
				LastUpgradeCheck = 1020;
				ORGANIZATIONNAME = "Lauriane Haydari";
				TargetAttributes = {
					F6175B9B22B0CD3F00C473E8 = {
						CreatedOnToolsVersion = 10.2.1;
					};
				};
			};
			buildConfigurationList = F6175B9722B0CD3F00C473E8 /* Build configuration list for PBXProject "converter" */;
			compatibilityVersion = "Xcode 9.3";
			developmentRegion = en;
			hasScannedForEncodings = 0;
			knownRegions = (
				en,
				Base,
			);
			mainGroup = F6175B9322B0CD3F00C473E8;
			productRefGroup = F6175B9D22B0CD4000C473E8 /* Products */;
			projectDirPath = "";
			projectRoot = "";
			targets = (
				F6175B9B22B0CD3F00C473E8 /* converter */,
			);
		};
/* End PBXProject section */

/* Begin PBXResourcesBuildPhase section */
		F6175B9A22B0CD3F00C473E8 /* Resources */ = {
			isa = PBXResourcesBuildPhase;
			buildActionMask = 2147483647;
			files = (
				F6175BAA22B0CD4100C473E8 /* LaunchScreen.storyboard in Resources */,
				F682F37D22B8CCD200962645 /* Default-568h@2x.png in Resources */,
				F6175BA722B0CD4100C473E8 /* Assets.xcassets in Resources */,
				F6175BA522B0CD4000C473E8 /* Main.storyboard in Resources */,
			);
			runOnlyForDeploymentPostprocessing = 0;
		};
/* End PBXResourcesBuildPhase section */

/* Begin PBXSourcesBuildPhase section */
		F6175B9822B0CD3F00C473E8 /* Sources */ = {
			isa = PBXSourcesBuildPhase;
			buildActionMask = 2147483647;
			files = (
				F6175BA222B0CD4000C473E8 /* ViewController.swift in Sources */,
				F6175BA022B0CD4000C473E8 /* AppDelegate.swift in Sources */,
				F68C79F222B1A3F700AA8782 /* ConvertController.swift in Sources */,
			);
			runOnlyForDeploymentPostprocessing = 0;
		};
/* End PBXSourcesBuildPhase section */

/* Begin PBXVariantGroup section */
		F6175BA322B0CD4000C473E8 /* Main.storyboard */ = {
			isa = PBXVariantGroup;
			children = (
				F6175BA422B0CD4000C473E8 /* Base */,
			);
			name = Main.storyboard;
			sourceTree = "<group>";
		};
		F6175BA822B0CD4100C473E8 /* LaunchScreen.storyboard */ = {
			isa = PBXVariantGroup;
			children = (
				F6175BA922B0CD4100C473E8 /* Base */,
			);
			name = LaunchScreen.storyboard;
			sourceTree = "<group>";
		};
/* End PBXVariantGroup section */

/* Begin XCBuildConfiguration section */
		F6175BAC22B0CD4100C473E8 /* Debug */ = {
			isa = XCBuildConfiguration;
			buildSettings = {
				ALWAYS_SEARCH_USER_PATHS = NO;
				CLANG_ANALYZER_NONNULL = YES;
				CLANG_ANALYZER_NUMBER_OBJECT_CONVERSION = YES_AGGRESSIVE;
				CLANG_CXX_LANGUAGE_STANDARD = "gnu++14";
				CLANG_CXX_LIBRARY = "libc++";
				CLANG_ENABLE_MODULES = YES;
				CLANG_ENABLE_OBJC_ARC = YES;
				CLANG_ENABLE_OBJC_WEAK = YES;
				CLANG_WARN_BLOCK_CAPTURE_AUTORELEASING = YES;
				CLANG_WARN_BOOL_CONVERSION = YES;
				CLANG_WARN_COMMA = YES;
				CLANG_WARN_CONSTANT_CONVERSION = YES;
				CLANG_WARN_DEPRECATED_OBJC_IMPLEMENTATIONS = YES;
				CLANG_WARN_DIRECT_OBJC_ISA_USAGE = YES_ERROR;
				CLANG_WARN_DOCUMENTATION_COMMENTS = YES;
				CLANG_WARN_EMPTY_BODY = YES;
				CLANG_WARN_ENUM_CONVERSION = YES;
				CLANG_WARN_INFINITE_RECURSION = YES;
				CLANG_WARN_INT_CONVERSION = YES;
				CLANG_WARN_NON_LITERAL_NULL_CONVERSION = YES;
				CLANG_WARN_OBJC_IMPLICIT_RETAIN_SELF = YES;
				CLANG_WARN_OBJC_LITERAL_CONVERSION = YES;
				CLANG_WARN_OBJC_ROOT_CLASS = YES_ERROR;
				CLANG_WARN_RANGE_LOOP_ANALYSIS = YES;
				CLANG_WARN_STRICT_PROTOTYPES = YES;
				CLANG_WARN_SUSPICIOUS_MOVE = YES;
				CLANG_WARN_UNGUARDED_AVAILABILITY = YES_AGGRESSIVE;
				CLANG_WARN_UNREACHABLE_CODE = YES;
				CLANG_WARN__DUPLICATE_METHOD_MATCH = YES;
				CODE_SIGN_IDENTITY = "iPhone Developer";
				COPY_PHASE_STRIP = NO;
				DEBUG_INFORMATION_FORMAT = dwarf;
				ENABLE_STRICT_OBJC_MSGSEND = YES;
				ENABLE_TESTABILITY = YES;
				GCC_C_LANGUAGE_STANDARD = gnu11;
				GCC_DYNAMIC_NO_PIC = NO;
				GCC_NO_COMMON_BLOCKS = YES;
				GCC_OPTIMIZATION_LEVEL = 0;
				GCC_PREPROCESSOR_DEFINITIONS = (
					"DEBUG=1",
					"$(inherited)",
				);
				GCC_WARN_64_TO_32_BIT_CONVERSION = YES;
				GCC_WARN_ABOUT_RETURN_TYPE = YES_ERROR;
				GCC_WARN_UNDECLARED_SELECTOR = YES;
				GCC_WARN_UNINITIALIZED_AUTOS = YES_AGGRESSIVE;
				GCC_WARN_UNUSED_FUNCTION = YES;
				GCC_WARN_UNUSED_VARIABLE = YES;
				IPHONEOS_DEPLOYMENT_TARGET = 12.2;
				MTL_ENABLE_DEBUG_INFO = INCLUDE_SOURCE;
				MTL_FAST_MATH = YES;
				ONLY_ACTIVE_ARCH = YES;
				SDKROOT = iphoneos;
				SWIFT_ACTIVE_COMPILATION_CONDITIONS = DEBUG;
				SWIFT_OPTIMIZATION_LEVEL = "-Onone";
			};
			name = Debug;
		};
		F6175BAD22B0CD4100C473E8 /* Release */ = {
			isa = XCBuildConfiguration;
			buildSettings = {
				ALWAYS_SEARCH_USER_PATHS = NO;
				CLANG_ANALYZER_NONNULL = YES;
				CLANG_ANALYZER_NUMBER_OBJECT_CONVERSION = YES_AGGRESSIVE;
				CLANG_CXX_LANGUAGE_STANDARD = "gnu++14";
				CLANG_CXX_LIBRARY = "libc++";
				CLANG_ENABLE_MODULES = YES;
				CLANG_ENABLE_OBJC_ARC = YES;
				CLANG_ENABLE_OBJC_WEAK = YES;
				CLANG_WARN_BLOCK_CAPTURE_AUTORELEASING = YES;
				CLANG_WARN_BOOL_CONVERSION = YES;
				CLANG_WARN_COMMA = YES;
				CLANG_WARN_CONSTANT_CONVERSION = YES;
				CLANG_WARN_DEPRECATED_OBJC_IMPLEMENTATIONS = YES;
				CLANG_WARN_DIRECT_OBJC_ISA_USAGE = YES_ERROR;
				CLANG_WARN_DOCUMENTATION_COMMENTS = YES;
				CLANG_WARN_EMPTY_BODY = YES;
				CLANG_WARN_ENUM_CONVERSION = YES;
				CLANG_WARN_INFINITE_RECURSION = YES;
				CLANG_WARN_INT_CONVERSION = YES;
				CLANG_WARN_NON_LITERAL_NULL_CONVERSION = YES;
				CLANG_WARN_OBJC_IMPLICIT_RETAIN_SELF = YES;
				CLANG_WARN_OBJC_LITERAL_CONVERSION = YES;
				CLANG_WARN_OBJC_ROOT_CLASS = YES_ERROR;
				CLANG_WARN_RANGE_LOOP_ANALYSIS = YES;
				CLANG_WARN_STRICT_PROTOTYPES = YES;
				CLANG_WARN_SUSPICIOUS_MOVE = YES;
				CLANG_WARN_UNGUARDED_AVAILABILITY = YES_AGGRESSIVE;
				CLANG_WARN_UNREACHABLE_CODE = YES;
				CLANG_WARN__DUPLICATE_METHOD_MATCH = YES;
				CODE_SIGN_IDENTITY = "iPhone Developer";
				COPY_PHASE_STRIP = NO;
				DEBUG_INFORMATION_FORMAT = "dwarf-with-dsym";
				ENABLE_NS_ASSERTIONS = NO;
				ENABLE_STRICT_OBJC_MSGSEND = YES;
				GCC_C_LANGUAGE_STANDARD = gnu11;
				GCC_NO_COMMON_BLOCKS = YES;
				GCC_WARN_64_TO_32_BIT_CONVERSION = YES;
				GCC_WARN_ABOUT_RETURN_TYPE = YES_ERROR;
				GCC_WARN_UNDECLARED_SELECTOR = YES;
				GCC_WARN_UNINITIALIZED_AUTOS = YES_AGGRESSIVE;
				GCC_WARN_UNUSED_FUNCTION = YES;
				GCC_WARN_UNUSED_VARIABLE = YES;
				IPHONEOS_DEPLOYMENT_TARGET = 12.2;
				MTL_ENABLE_DEBUG_INFO = NO;
				MTL_FAST_MATH = YES;
				SDKROOT = iphoneos;
				SWIFT_COMPILATION_MODE = wholemodule;
				SWIFT_OPTIMIZATION_LEVEL = "-O";
				VALIDATE_PRODUCT = YES;
			};
			name = Release;
		};
		F6175BAF22B0CD4100C473E8 /* Debug */ = {
			isa = XCBuildConfiguration;
			buildSettings = {
				CODE_SIGN_STYLE = Automatic;
				DEVELOPMENT_TEAM = 568UZNMWK9;
				INFOPLIST_FILE = converter/Info.plist;
				LD_RUNPATH_SEARCH_PATHS = (
					"$(inherited)",
					"@executable_path/Frameworks",
				);
				PRODUCT_BUNDLE_IDENTIFIER = com.lauriane.haydari.converter;
				PRODUCT_NAME = "$(TARGET_NAME)";
				SWIFT_VERSION = 5.0;
				TARGETED_DEVICE_FAMILY = 1;
			};
			name = Debug;
		};
		F6175BB022B0CD4100C473E8 /* Release */ = {
			isa = XCBuildConfiguration;
			buildSettings = {
				CODE_SIGN_STYLE = Automatic;
				DEVELOPMENT_TEAM = 568UZNMWK9;
				INFOPLIST_FILE = converter/Info.plist;
				LD_RUNPATH_SEARCH_PATHS = (
					"$(inherited)",
					"@executable_path/Frameworks",
				);
				PRODUCT_BUNDLE_IDENTIFIER = com.lauriane.haydari.converter;
				PRODUCT_NAME = "$(TARGET_NAME)";
				SWIFT_VERSION = 5.0;
				TARGETED_DEVICE_FAMILY = 1;
			};
			name = Release;
		};
/* End XCBuildConfiguration section */

/* Begin XCConfigurationList section */
		F6175B9722B0CD3F00C473E8 /* Build configuration list for PBXProject "converter" */ = {
			isa = XCConfigurationList;
			buildConfigurations = (
				F6175BAC22B0CD4100C473E8 /* Debug */,
				F6175BAD22B0CD4100C473E8 /* Release */,
			);
			defaultConfigurationIsVisible = 0;
			defaultConfigurationName = Release;
		};
		F6175BAE22B0CD4100C473E8 /* Build configuration list for PBXNativeTarget "converter" */ = {
			isa = XCConfigurationList;
			buildConfigurations = (
				F6175BAF22B0CD4100C473E8 /* Debug */,
				F6175BB022B0CD4100C473E8 /* Release */,
			);
			defaultConfigurationIsVisible = 0;
			defaultConfigurationName = Release;
		};
/* End XCConfigurationList section */
	};
	rootObject = F6175B9422B0CD3F00C473E8 /* Project object */;
}
